# Generated by pub
# See http://pub.dartlang.org/doc/glossary.html#lockfile
packages:
  browser:
    description: browser
    source: hosted
    version: "0.10.0+1"
  math:
    description: math
    source: hosted
    version: "0.9.0"
  vector_math:
    description: vector_math
    source: hosted
    version: "1.4.3"
